
Microsoft Visual Studio Solution File, Format Version 12.00
# Visual Studio Version 17
VisualStudioVersion = 17.1.32421.90
MinimumVisualStudioVersion = 10.0.40219.1
Project("{9A19103F-16F7-4668-BE54-9A1E7A4F7556}") = "AspNetCoreGraphQLServer", "AspNetCoreGraphQLServer\AspNetCoreGraphQLServer.csproj", "{18548D65-9C26-4DF3-8C53-740F3B14B16D}"
EndProject
Project("{9A19103F-16F7-4668-BE54-9A1E7A4F7556}") = "AspNetCoreGraphQLClient", "AspNetCoreGraphQLClient\AspNetCoreGraphQLClient.csproj", "{BBDFF786-A4E4-4DF7-9184-EAC12A6D1551}"
EndProject
Global
	GlobalSection(SolutionConfigurationPlatforms) = preSolution
		Debug|Any CPU = Debug|Any CPU
		Release|Any CPU = Release|Any CPU
	EndGlobalSection
	GlobalSection(ProjectConfigurationPlatforms) = postSolution
		{18548D65-9C26-4DF3-8C53-740F3B14B16D}.Debug|Any CPU.ActiveCfg = Debug|Any CPU
		{18548D65-9C26-4DF3-8C53-740F3B14B16D}.Debug|Any CPU.Build.0 = Debug|Any CPU
		{18548D65-9C26-4DF3-8C53-740F3B14B16D}.Release|Any CPU.ActiveCfg = Release|Any CPU
		{18548D65-9C26-4DF3-8C53-740F3B14B16D}.Release|Any CPU.Build.0 = Release|Any CPU
		{BBDFF786-A4E4-4DF7-9184-EAC12A6D1551}.Debug|Any CPU.ActiveCfg = Debug|Any CPU
		{BBDFF786-A4E4-4DF7-9184-EAC12A6D1551}.Debug|Any CPU.Build.0 = Debug|Any CPU
		{BBDFF786-A4E4-4DF7-9184-EAC12A6D1551}.Release|Any CPU.ActiveCfg = Release|Any CPU
		{BBDFF786-A4E4-4DF7-9184-EAC12A6D1551}.Release|Any CPU.Build.0 = Release|Any CPU
	EndGlobalSection
	GlobalSection(SolutionProperties) = preSolution
		HideSolutionNode = FALSE
	EndGlobalSection
	GlobalSection(ExtensibilityGlobals) = postSolution
		SolutionGuid = {E276520E-2157-4850-86BB-81BFEC6A92AC}
	EndGlobalSection
EndGlobal
